<?xml version="1.0" encoding="utf-8"?>
<Project ToolsVersion="4.0" xmlns="http://schemas.microsoft.com/developer/msbuild/2003">
  <ItemGroup>
    <Filter Include="SQLite">
      <UniqueIdentifier>{a2ad99bb-9854-4135-b702-bce66e9d57cb}</UniqueIdentifier>
    </Filter>
    <Filter Include="Plugin">
      <UniqueIdentifier>{2e07a703-3700-4a6b-a5da-b10699302c71}</UniqueIdentifier>
    </Filter>
    <Filter Include="Plugin\Abstract">
      <UniqueIdentifier>{06591f8b-913e-4b92-a4af-7933c7cae9e4}</UniqueIdentifier>
    </Filter>
    <Filter Include="Plugin\Month">
      <UniqueIdentifier>{0468a95c-afe9-4a4c-a263-51406dee4d33}</UniqueIdentifier>
    </Filter>
    <Filter Include="Plugin\Statistics">
      <UniqueIdentifier>{2963607e-f938-421b-87e8-d17da69ce031}</UniqueIdentifier>
    </Filter>
    <Filter Include="Plugin\Statistics\GDI Widget">
      <UniqueIdentifier>{9a5ec782-c482-4f91-82ee-c860fc3f7801}</UniqueIdentifier>
    </Filter>
    <Filter Include="Plugin\Realtime">
      <UniqueIdentifier>{ff48829b-4866-4ad9-a938-9b94d1bf3a70}</UniqueIdentifier>
    </Filter>
    <Filter Include="Plugin\Detail">
      <UniqueIdentifier>{f86a7b17-cdfc-4e96-9c75-6ff7ccbdd84a}</UniqueIdentifier>
    </Filter>
    <Filter Include="Utils">
      <UniqueIdentifier>{ca9cb824-e3eb-4816-99b5-6657ba352e6f}</UniqueIdentifier>
    </Filter>
    <Filter Include="Utils\Profile">
      <UniqueIdentifier>{ed7dfa86-146e-4a8a-9f7e-5d815dd768b9}</UniqueIdentifier>
    </Filter>
    <Filter Include="Utils\Process">
      <UniqueIdentifier>{99bb31a1-51d3-4623-939f-c14ef20c3991}</UniqueIdentifier>
    </Filter>
    <Filter Include="Utils\Traffic Source">
      <UniqueIdentifier>{03bde256-bed1-4fe8-8e9f-70ef6d70028f}</UniqueIdentifier>
    </Filter>
    <Filter Include="Main">
      <UniqueIdentifier>{94625a08-a1e2-4fe5-bec5-4008cd915602}</UniqueIdentifier>
    </Filter>
    <Filter Include="Dialog">
      <UniqueIdentifier>{224e6db9-06ad-4db5-ae84-2f41d85ca464}</UniqueIdentifier>
    </Filter>
  </ItemGroup>
  <ItemGroup>
    <ClCompile Include="sqlite\sqlite3.c">
      <Filter>SQLite</Filter>
    </ClCompile>
    <ClCompile Include="plugins\abstract\Model.cpp">
      <Filter>Plugin\Abstract</Filter>
    </ClCompile>
    <ClCompile Include="plugins\abstract\View.cpp">
      <Filter>Plugin\Abstract</Filter>
    </ClCompile>
    <ClCompile Include="plugins\month\Month.cpp">
      <Filter>Plugin\Month</Filter>
    </ClCompile>
    <ClCompile Include="plugins\month\MonthModel.cpp">
      <Filter>Plugin\Month</Filter>
    </ClCompile>
    <ClCompile Include="plugins\month\MonthView.cpp">
      <Filter>Plugin\Month</Filter>
    </ClCompile>
    <ClCompile Include="plugins\statistics\Statistics.cpp">
      <Filter>Plugin\Statistics</Filter>
    </ClCompile>
    <ClCompile Include="plugins\statistics\StatisticsModel.cpp">
      <Filter>Plugin\Statistics</Filter>
    </ClCompile>
    <ClCompile Include="plugins\statistics\StatisticsView.cpp">
      <Filter>Plugin\Statistics</Filter>
    </ClCompile>
    <ClCompile Include="plugins\statistics\GdiWidget\GdiWidget.cpp">
      <Filter>Plugin\Statistics\GDI Widget</Filter>
    </ClCompile>
    <ClCompile Include="plugins\statistics\GdiWidget\GwGroupbox.cpp">
      <Filter>Plugin\Statistics\GDI Widget</Filter>
    </ClCompile>
    <ClCompile Include="plugins\statistics\GdiWidget\GwHistogram.cpp">
      <Filter>Plugin\Statistics\GDI Widget</Filter>
    </ClCompile>
    <ClCompile Include="plugins\statistics\GdiWidget\GwLabel.cpp">
      <Filter>Plugin\Statistics\GDI Widget</Filter>
    </ClCompile>
    <ClCompile Include="plugins\statistics\GdiWidget\GwLogHistogram.cpp">
      <Filter>Plugin\Statistics\GDI Widget</Filter>
    </ClCompile>
    <ClCompile Include="plugins\statistics\GdiWidget\GwPieChart.cpp">
      <Filter>Plugin\Statistics\GDI Widget</Filter>
    </ClCompile>
    <ClCompile Include="plugins\realtime\Realtime.cpp">
      <Filter>Plugin\Realtime</Filter>
    </ClCompile>
    <ClCompile Include="plugins\realtime\RealtimeModel.cpp">
      <Filter>Plugin\Realtime</Filter>
    </ClCompile>
    <ClCompile Include="plugins\realtime\RealtimeView.cpp">
      <Filter>Plugin\Realtime</Filter>
    </ClCompile>
    <ClCompile Include="plugins\detail\Detail.cpp">
      <Filter>Plugin\Detail</Filter>
    </ClCompile>
    <ClCompile Include="plugins\detail\DetailModel.cpp">
      <Filter>Plugin\Detail</Filter>
    </ClCompile>
    <ClCompile Include="plugins\detail\DetailView.cpp">
      <Filter>Plugin\Detail</Filter>
    </ClCompile>
    <ClCompile Include="utils\Date.cpp">
      <Filter>Utils</Filter>
    </ClCompile>
    <ClCompile Include="utils\Language.cpp">
      <Filter>Utils</Filter>
    </ClCompile>
    <ClCompile Include="utils\PortCache.cpp">
      <Filter>Utils</Filter>
    </ClCompile>
    <ClCompile Include="utils\SingleLock.cpp">
      <Filter>Utils</Filter>
    </ClCompile>
    <ClCompile Include="utils\SQLite.cpp">
      <Filter>Utils</Filter>
    </ClCompile>
    <ClCompile Include="utils\Utils.cpp">
      <Filter>Utils</Filter>
    </ClCompile>
    <ClCompile Include="utils\Profile.cpp">
      <Filter>Utils\Profile</Filter>
    </ClCompile>
    <ClCompile Include="utils\ProfileItem.cpp">
      <Filter>Utils\Profile</Filter>
    </ClCompile>
    <ClCompile Include="utils\ProcessCache.cpp">
      <Filter>Utils\Process</Filter>
    </ClCompile>
    <ClCompile Include="utils\ProcessModel.cpp">
      <Filter>Utils\Process</Filter>
    </ClCompile>
    <ClCompile Include="utils\ProcessView.cpp">
      <Filter>Utils\Process</Filter>
    </ClCompile>
    <ClCompile Include="traffic-src\PcapSource.cpp">
      <Filter>Utils\Traffic Source</Filter>
    </ClCompile>
    <ClCompile Include="traffic-src\VirtualSource.cpp">
      <Filter>Utils\Traffic Source</Filter>
    </ClCompile>
    <ClCompile Include="Main.cpp">
      <Filter>Main</Filter>
    </ClCompile>
    <ClCompile Include="stdafx.cpp">
      <Filter>Main</Filter>
    </ClCompile>
    <ClCompile Include="DlgAbout.cpp">
      <Filter>Dialog</Filter>
    </ClCompile>
    <ClCompile Include="DlgPreferences.cpp">
      <Filter>Dialog</Filter>
    </ClCompile>
  </ItemGroup>
  <ItemGroup>
    <ClInclude Include="sqlite\sqlite3.h">
      <Filter>SQLite</Filter>
    </ClInclude>
    <ClInclude Include="plugins\Plugin.h">
      <Filter>Plugin</Filter>
    </ClInclude>
    <ClInclude Include="plugins\abstract\Model.h">
      <Filter>Plugin\Abstract</Filter>
    </ClInclude>
    <ClInclude Include="plugins\abstract\View.h">
      <Filter>Plugin\Abstract</Filter>
    </ClInclude>
    <ClInclude Include="plugins\month\Month.h">
      <Filter>Plugin\Month</Filter>
    </ClInclude>
    <ClInclude Include="plugins\month\MonthModel.h">
      <Filter>Plugin\Month</Filter>
    </ClInclude>
    <ClInclude Include="plugins\month\MonthView.h">
      <Filter>Plugin\Month</Filter>
    </ClInclude>
    <ClInclude Include="plugins\statistics\Statistics.h">
      <Filter>Plugin\Statistics</Filter>
    </ClInclude>
    <ClInclude Include="plugins\statistics\StatisticsModel.h">
      <Filter>Plugin\Statistics</Filter>
    </ClInclude>
    <ClInclude Include="plugins\statistics\StatisticsView.h">
      <Filter>Plugin\Statistics</Filter>
    </ClInclude>
    <ClInclude Include="plugins\statistics\GdiWidget\GdiWidget.h">
      <Filter>Plugin\Statistics\GDI Widget</Filter>
    </ClInclude>
    <ClInclude Include="plugins\statistics\GdiWidget\GwGroupbox.h">
      <Filter>Plugin\Statistics\GDI Widget</Filter>
    </ClInclude>
    <ClInclude Include="plugins\statistics\GdiWidget\GwHistogram.h">
      <Filter>Plugin\Statistics\GDI Widget</Filter>
    </ClInclude>
    <ClInclude Include="plugins\statistics\GdiWidget\GwLabel.h">
      <Filter>Plugin\Statistics\GDI Widget</Filter>
    </ClInclude>
    <ClInclude Include="plugins\statistics\GdiWidget\GwLogHistogram.h">
      <Filter>Plugin\Statistics\GDI Widget</Filter>
    </ClInclude>
    <ClInclude Include="plugins\statistics\GdiWidget\GwPieChart.h">
      <Filter>Plugin\Statistics\GDI Widget</Filter>
    </ClInclude>
    <ClInclude Include="plugins\realtime\Realtime.h">
      <Filter>Plugin\Realtime</Filter>
    </ClInclude>
    <ClInclude Include="plugins\realtime\RealtimeModel.h">
      <Filter>Plugin\Realtime</Filter>
    </ClInclude>
    <ClInclude Include="plugins\realtime\RealtimeView.h">
      <Filter>Plugin\Realtime</Filter>
    </ClInclude>
    <ClInclude Include="plugins\detail\Detail.h">
      <Filter>Plugin\Detail</Filter>
    </ClInclude>
    <ClInclude Include="plugins\detail\DetailModel.h">
      <Filter>Plugin\Detail</Filter>
    </ClInclude>
    <ClInclude Include="plugins\detail\DetailView.h">
      <Filter>Plugin\Detail</Filter>
    </ClInclude>
    <ClInclude Include="utils\Date.h">
      <Filter>Utils</Filter>
    </ClInclude>
    <ClInclude Include="utils\Language.h">
      <Filter>Utils</Filter>
    </ClInclude>
    <ClInclude Include="utils\Packet.h">
      <Filter>Utils</Filter>
    </ClInclude>
    <ClInclude Include="utils\PortCache.h">
      <Filter>Utils</Filter>
    </ClInclude>
    <ClInclude Include="utils\SingleLock.h">
      <Filter>Utils</Filter>
    </ClInclude>
    <ClInclude Include="utils\SQLite.h">
      <Filter>Utils</Filter>
    </ClInclude>
    <ClInclude Include="utils\Utils.h">
      <Filter>Utils</Filter>
    </ClInclude>
    <ClInclude Include="utils\Profile.h">
      <Filter>Utils\Profile</Filter>
    </ClInclude>
    <ClInclude Include="utils\ProfileItem.h">
      <Filter>Utils\Profile</Filter>
    </ClInclude>
    <ClInclude Include="utils\ProcessCache.h">
      <Filter>Utils\Process</Filter>
    </ClInclude>
    <ClInclude Include="utils\ProcessModel.h">
      <Filter>Utils\Process</Filter>
    </ClInclude>
    <ClInclude Include="utils\ProcessView.h">
      <Filter>Utils\Process</Filter>
    </ClInclude>
    <ClInclude Include="traffic-src\PcapSource.h">
      <Filter>Utils\Traffic Source</Filter>
    </ClInclude>
    <ClInclude Include="traffic-src\TrafficSource.h">
      <Filter>Utils\Traffic Source</Filter>
    </ClInclude>
    <ClInclude Include="traffic-src\VirtualSource.h">
      <Filter>Utils\Traffic Source</Filter>
    </ClInclude>
    <ClInclude Include="res\resource.h">
      <Filter>Main</Filter>
    </ClInclude>
    <ClInclude Include="stdafx.h">
      <Filter>Main</Filter>
    </ClInclude>
    <ClInclude Include="DlgAbout.h">
      <Filter>Dialog</Filter>
    </ClInclude>
    <ClInclude Include="DlgPreferences.h">
      <Filter>Dialog</Filter>
    </ClInclude>
  </ItemGroup>
  <ItemGroup>
    <ResourceCompile Include="res\Main.rc">
      <Filter>Main</Filter>
    </ResourceCompile>
  </ItemGroup>
</Project>